
Microsoft Visual Studio Solution File, Format Version 12.00
# Visual Studio Version 17
VisualStudioVersion = 17.1.32210.238
MinimumVisualStudioVersion = 10.0.40219.1
Project("{FAE04EC0-301F-11D3-BF4B-00C04F79EFBC}") = "CaseOpgave", "CaseOpgave\CaseOpgave.csproj", "{F4FD678B-AF98-4769-84C8-405044A8B86C}"
EndProject
Global
	GlobalSection(SolutionConfigurationPlatforms) = preSolution
		Debug|Any CPU = Debug|Any CPU
		Release|Any CPU = Release|Any CPU
	EndGlobalSection
	GlobalSection(ProjectConfigurationPlatforms) = postSolution
		{F4FD678B-AF98-4769-84C8-405044A8B86C}.Debug|Any CPU.ActiveCfg = Debug|Any CPU
		{F4FD678B-AF98-4769-84C8-405044A8B86C}.Debug|Any CPU.Build.0 = Debug|Any CPU
		{F4FD678B-AF98-4769-84C8-405044A8B86C}.Release|Any CPU.ActiveCfg = Release|Any CPU
		{F4FD678B-AF98-4769-84C8-405044A8B86C}.Release|Any CPU.Build.0 = Release|Any CPU
	EndGlobalSection
	GlobalSection(SolutionProperties) = preSolution
		HideSolutionNode = FALSE
	EndGlobalSection
	GlobalSection(ExtensibilityGlobals) = postSolution
		SolutionGuid = {4A3FE250-16D9-49EB-993B-FFF8391E7537}
	EndGlobalSection
EndGlobal
